
Microsoft Visual Studio Solution File, Format Version 12.00
# Visual Studio Version 16
VisualStudioVersion = 16.0.31112.23
MinimumVisualStudioVersion = 10.0.40219.1
Project("{2150E333-8FDC-42A3-9474-1A3956D46DE8}") = "Chapter02", "Chapter02", "{2FF66FDC-0489-47CE-B938-32DC15F86DEA}"
EndProject
Project("{FAE04EC0-301F-11D3-BF4B-00C04F79EFBC}") = "DistanceConverter", "DistanceConverter\DistanceConverter.csproj", "{795A9CF6-17AF-42A9-9B46-A546CE0F1B96}"
EndProject
Project("{FAE04EC0-301F-11D3-BF4B-00C04F79EFBC}") = "SalesCalculator", "SalesCalculator\SalesCalculator.csproj", "{C1135BDD-2588-47C4-8AF3-79FFF39B0E0C}"
EndProject
Project("{FAE04EC0-301F-11D3-BF4B-00C04F79EFBC}") = "Exercise1", "Exercise1\Exercise1.csproj", "{C308BC75-77E5-4940-8558-76951FB72084}"
EndProject
Project("{2150E333-8FDC-42A3-9474-1A3956D46DE8}") = "Exercise", "Exercise", "{0792820A-B6EE-41C7-B592-56169946437C}"
EndProject
Project("{FAE04EC0-301F-11D3-BF4B-00C04F79EFBC}") = "Exercise2", "Exercise2\Exercise2.csproj", "{719F00CC-F43E-4A62-AC1B-A39083978EC9}"
EndProject
Project("{FAE04EC0-301F-11D3-BF4B-00C04F79EFBC}") = "Exercise3", "Exercise3\Exercise3.csproj", "{52DDB5FF-B429-47F2-927F-72993E248D1F}"
EndProject
Project("{2150E333-8FDC-42A3-9474-1A3956D46DE8}") = "Chapter03", "Chapter03", "{C87E7EC8-F017-44F1-A130-EC5609C459EC}"
EndProject
Project("{FAE04EC0-301F-11D3-BF4B-00C04F79EFBC}") = "Section01", "Section01\Section01.csproj", "{5CBC6B91-1916-41DA-8376-3818601B897A}"
EndProject
Project("{FAE04EC0-301F-11D3-BF4B-00C04F79EFBC}") = "Section01", "Chapter04\Section01\Section01.csproj", "{436082EC-4EAD-4913-9586-C5A3E2F99FFE}"
EndProject
Project("{2150E333-8FDC-42A3-9474-1A3956D46DE8}") = "Chapter04", "Chapter04", "{F87CFA5C-2740-48C3-A28C-290FACE245C0}"
EndProject
Global
	GlobalSection(SolutionConfigurationPlatforms) = preSolution
		Debug|Any CPU = Debug|Any CPU
		Release|Any CPU = Release|Any CPU
	EndGlobalSection
	GlobalSection(ProjectConfigurationPlatforms) = postSolution
		{795A9CF6-17AF-42A9-9B46-A546CE0F1B96}.Debug|Any CPU.ActiveCfg = Debug|Any CPU
		{795A9CF6-17AF-42A9-9B46-A546CE0F1B96}.Debug|Any CPU.Build.0 = Debug|Any CPU
		{795A9CF6-17AF-42A9-9B46-A546CE0F1B96}.Release|Any CPU.ActiveCfg = Release|Any CPU
		{795A9CF6-17AF-42A9-9B46-A546CE0F1B96}.Release|Any CPU.Build.0 = Release|Any CPU
		{C1135BDD-2588-47C4-8AF3-79FFF39B0E0C}.Debug|Any CPU.ActiveCfg = Debug|Any CPU
		{C1135BDD-2588-47C4-8AF3-79FFF39B0E0C}.Debug|Any CPU.Build.0 = Debug|Any CPU
		{C1135BDD-2588-47C4-8AF3-79FFF39B0E0C}.Release|Any CPU.ActiveCfg = Release|Any CPU
		{C1135BDD-2588-47C4-8AF3-79FFF39B0E0C}.Release|Any CPU.Build.0 = Release|Any CPU
		{C308BC75-77E5-4940-8558-76951FB72084}.Debug|Any CPU.ActiveCfg = Debug|Any CPU
		{C308BC75-77E5-4940-8558-76951FB72084}.Debug|Any CPU.Build.0 = Debug|Any CPU
		{C308BC75-77E5-4940-8558-76951FB72084}.Release|Any CPU.ActiveCfg = Release|Any CPU
		{C308BC75-77E5-4940-8558-76951FB72084}.Release|Any CPU.Build.0 = Release|Any CPU
		{719F00CC-F43E-4A62-AC1B-A39083978EC9}.Debug|Any CPU.ActiveCfg = Debug|Any CPU
		{719F00CC-F43E-4A62-AC1B-A39083978EC9}.Debug|Any CPU.Build.0 = Debug|Any CPU
		{719F00CC-F43E-4A62-AC1B-A39083978EC9}.Release|Any CPU.ActiveCfg = Release|Any CPU
		{719F00CC-F43E-4A62-AC1B-A39083978EC9}.Release|Any CPU.Build.0 = Release|Any CPU
		{52DDB5FF-B429-47F2-927F-72993E248D1F}.Debug|Any CPU.ActiveCfg = Debug|Any CPU
		{52DDB5FF-B429-47F2-927F-72993E248D1F}.Debug|Any CPU.Build.0 = Debug|Any CPU
		{52DDB5FF-B429-47F2-927F-72993E248D1F}.Release|Any CPU.ActiveCfg = Release|Any CPU
		{52DDB5FF-B429-47F2-927F-72993E248D1F}.Release|Any CPU.Build.0 = Release|Any CPU
		{5CBC6B91-1916-41DA-8376-3818601B897A}.Debug|Any CPU.ActiveCfg = Debug|Any CPU
		{5CBC6B91-1916-41DA-8376-3818601B897A}.Debug|Any CPU.Build.0 = Debug|Any CPU
		{5CBC6B91-1916-41DA-8376-3818601B897A}.Release|Any CPU.ActiveCfg = Release|Any CPU
		{5CBC6B91-1916-41DA-8376-3818601B897A}.Release|Any CPU.Build.0 = Release|Any CPU
		{436082EC-4EAD-4913-9586-C5A3E2F99FFE}.Debug|Any CPU.ActiveCfg = Debug|Any CPU
		{436082EC-4EAD-4913-9586-C5A3E2F99FFE}.Debug|Any CPU.Build.0 = Debug|Any CPU
		{436082EC-4EAD-4913-9586-C5A3E2F99FFE}.Release|Any CPU.ActiveCfg = Release|Any CPU
		{436082EC-4EAD-4913-9586-C5A3E2F99FFE}.Release|Any CPU.Build.0 = Release|Any CPU
	EndGlobalSection
	GlobalSection(SolutionProperties) = preSolution
		HideSolutionNode = FALSE
	EndGlobalSection
	GlobalSection(NestedProjects) = preSolution
		{795A9CF6-17AF-42A9-9B46-A546CE0F1B96} = {2FF66FDC-0489-47CE-B938-32DC15F86DEA}
		{C1135BDD-2588-47C4-8AF3-79FFF39B0E0C} = {2FF66FDC-0489-47CE-B938-32DC15F86DEA}
		{C308BC75-77E5-4940-8558-76951FB72084} = {0792820A-B6EE-41C7-B592-56169946437C}
		{0792820A-B6EE-41C7-B592-56169946437C} = {2FF66FDC-0489-47CE-B938-32DC15F86DEA}
		{719F00CC-F43E-4A62-AC1B-A39083978EC9} = {0792820A-B6EE-41C7-B592-56169946437C}
		{52DDB5FF-B429-47F2-927F-72993E248D1F} = {0792820A-B6EE-41C7-B592-56169946437C}
		{5CBC6B91-1916-41DA-8376-3818601B897A} = {C87E7EC8-F017-44F1-A130-EC5609C459EC}
		{436082EC-4EAD-4913-9586-C5A3E2F99FFE} = {F87CFA5C-2740-48C3-A28C-290FACE245C0}
	EndGlobalSection
	GlobalSection(ExtensibilityGlobals) = postSolution
		SolutionGuid = {30F321BF-1C98-4CD6-B1ED-E7FC5730015B}
	EndGlobalSection
EndGlobal
