
Microsoft Visual Studio Solution File, Format Version 12.00
# Visual Studio Version 16
VisualStudioVersion = 16.0.31112.23
MinimumVisualStudioVersion = 10.0.40219.1
Project("{2150E333-8FDC-42A3-9474-1A3956D46DE8}") = "Chapter02", "Chapter02", "{2FF66FDC-0489-47CE-B938-32DC15F86DEA}"
EndProject
Project("{FAE04EC0-301F-11D3-BF4B-00C04F79EFBC}") = "DistanceConverter", "DistanceConverter\DistanceConverter.csproj", "{795A9CF6-17AF-42A9-9B46-A546CE0F1B96}"
EndProject
Project("{FAE04EC0-301F-11D3-BF4B-00C04F79EFBC}") = "SalesCalculator", "SalesCalculator\SalesCalculator.csproj", "{C1135BDD-2588-47C4-8AF3-79FFF39B0E0C}"
EndProject
Project("{FAE04EC0-301F-11D3-BF4B-00C04F79EFBC}") = "Exercise1", "Exercise1\Exercise1.csproj", "{C308BC75-77E5-4940-8558-76951FB72084}"
EndProject
Project("{2150E333-8FDC-42A3-9474-1A3956D46DE8}") = "Exercise", "Exercise", "{0792820A-B6EE-41C7-B592-56169946437C}"
EndProject
Project("{FAE04EC0-301F-11D3-BF4B-00C04F79EFBC}") = "Exercise2", "Exercise2\Exercise2.csproj", "{719F00CC-F43E-4A62-AC1B-A39083978EC9}"
EndProject
Project("{FAE04EC0-301F-11D3-BF4B-00C04F79EFBC}") = "Exercise3", "Exercise3\Exercise3.csproj", "{52DDB5FF-B429-47F2-927F-72993E248D1F}"
EndProject
Project("{2150E333-8FDC-42A3-9474-1A3956D46DE8}") = "Chapter03", "Chapter03", "{C87E7EC8-F017-44F1-A130-EC5609C459EC}"
EndProject
Project("{FAE04EC0-301F-11D3-BF4B-00C04F79EFBC}") = "Section01", "Section01\Section01.csproj", "{5CBC6B91-1916-41DA-8376-3818601B897A}"
EndProject
Project("{FAE04EC0-301F-11D3-BF4B-00C04F79EFBC}") = "Section01", "Chapter04\Section01\Section01.csproj", "{436082EC-4EAD-4913-9586-C5A3E2F99FFE}"
EndProject
Project("{2150E333-8FDC-42A3-9474-1A3956D46DE8}") = "Chapter04", "Chapter04", "{F87CFA5C-2740-48C3-A28C-290FACE245C0}"
EndProject
Project("{FAE04EC0-301F-11D3-BF4B-00C04F79EFBC}") = "Exercise1", "Chapter04\Exercise\Exercise1\Exercise1.csproj", "{898A3DDC-33A6-4293-86F4-B0778F947FD6}"
EndProject
Project("{2150E333-8FDC-42A3-9474-1A3956D46DE8}") = "Exercise", "Exercise", "{DE640114-DFB2-453D-A326-AC3AB5C8E871}"
EndProject
Project("{FAE04EC0-301F-11D3-BF4B-00C04F79EFBC}") = "Exercise2", "Chapter04\Exercise\Exercise2\Exercise2.csproj", "{622A6452-B619-45AA-97A1-C371044300A8}"
EndProject
Project("{FAE04EC0-301F-11D3-BF4B-00C04F79EFBC}") = "Exercise1", "Chapter05\Exercise1\Exercise1.csproj", "{96AC5E42-C6F2-4E6E-BB3E-8BA7714E6837}"
EndProject
Project("{2150E333-8FDC-42A3-9474-1A3956D46DE8}") = "Chapter05", "Chapter05", "{75BB0816-3372-4CF2-B9F5-0127FE6E1230}"
EndProject
Project("{FAE04EC0-301F-11D3-BF4B-00C04F79EFBC}") = "Test01", "TestProject\Test01\Test01.csproj", "{2BFACDC3-F44D-4199-8498-F5C3C4AC0335}"
EndProject
Project("{FAE04EC0-301F-11D3-BF4B-00C04F79EFBC}") = "Test02", "TestProject\Test02\Test02.csproj", "{E461C0A8-8900-485C-B520-E929BA33F712}"
EndProject
Project("{2150E333-8FDC-42A3-9474-1A3956D46DE8}") = "TestProject", "TestProject", "{B614ACF3-B515-431F-9295-524F50ED032C}"
EndProject
Project("{FAE04EC0-301F-11D3-BF4B-00C04F79EFBC}") = "Exercise2", "Chapter05\Exercise2\Exercise2.csproj", "{6BF2240B-2552-407E-9EF1-5C7C0E97B4AB}"
EndProject
Project("{FAE04EC0-301F-11D3-BF4B-00C04F79EFBC}") = "Exercise3", "Chapter05\Exercise3\Exercise3.csproj", "{327279B5-9611-4F1B-8538-F992F7DDAA22}"
EndProject
Project("{FAE04EC0-301F-11D3-BF4B-00C04F79EFBC}") = "Enshumondai5_4", "Enshumondai5_4\Enshumondai5_4.csproj", "{E3B81DA8-5335-47EA-AC37-60209EE5D54C}"
EndProject
Project("{FAE04EC0-301F-11D3-BF4B-00C04F79EFBC}") = "Section01", "Chapter06\Section01\Section01.csproj", "{F8DD4C13-3399-4AE9-ABBF-4E1B1E40A5DB}"
EndProject
Project("{2150E333-8FDC-42A3-9474-1A3956D46DE8}") = "Chapter06", "Chapter06", "{B04477CC-9BE0-4CE8-9B2F-3DB1916AB7D1}"
EndProject
Project("{FAE04EC0-301F-11D3-BF4B-00C04F79EFBC}") = "Exercise1", "Chapter06\Exercise\Exercise1\Exercise1.csproj", "{A84853CA-86C2-42E0-8422-4CE2CA76327C}"
EndProject
Project("{2150E333-8FDC-42A3-9474-1A3956D46DE8}") = "Chapter07", "Chapter07", "{5D5DD5E1-C895-4FAA-8AC7-0EB436BFDE8B}"
EndProject
Project("{FAE04EC0-301F-11D3-BF4B-00C04F79EFBC}") = "Exercise", "Chapter07\Exercise\Exercise.csproj", "{D5B4DE0B-F447-495E-B57C-82942E0407CA}"
EndProject
Project("{FAE04EC0-301F-11D3-BF4B-00C04F79EFBC}") = "Exercise2", "Chapter07\Exercise2\Exercise2.csproj", "{05436B43-84B4-4285-9B7A-6DAA45B43E63}"
EndProject
Project("{2150E333-8FDC-42A3-9474-1A3956D46DE8}") = "Chapter08", "Chapter08", "{D01788CB-364A-4928-A244-062D59E8D4FF}"
EndProject
Project("{FAE04EC0-301F-11D3-BF4B-00C04F79EFBC}") = "Exercise1", "Chapter08\Exercise1\Exercise1.csproj", "{873F9DB6-60C0-4FAB-886A-C527EA223800}"
EndProject
Project("{2150E333-8FDC-42A3-9474-1A3956D46DE8}") = "Exercise", "Exercise", "{AF14F6B3-2F2A-4104-A442-C564C72392AA}"
EndProject
Project("{FAE04EC0-301F-11D3-BF4B-00C04F79EFBC}") = "Exercise1", "Chapter08\Exercise\Exercise1\Exercise1.csproj", "{782016A6-B119-4AE5-B350-637D82FEDEE8}"
EndProject
Project("{FAE04EC0-301F-11D3-BF4B-00C04F79EFBC}") = "StopWatch", "Chapter08\StopWatch\StopWatch.csproj", "{5944D14A-1C2A-4BEF-BA46-A3EEBFF28E67}"
EndProject
Project("{FAE04EC0-301F-11D3-BF4B-00C04F79EFBC}") = "Exercise2", "Chapter08\Exercise\Exercise2\Exercise2.csproj", "{0CA2776E-5E01-4407-9E8F-D389DD315EB7}"
EndProject
Project("{FAE04EC0-301F-11D3-BF4B-00C04F79EFBC}") = "Exercise1", "Chapter09\Exercise1\Exercise1.csproj", "{4195A206-8CAB-4DAF-836E-438AD2389D94}"
EndProject
Project("{2150E333-8FDC-42A3-9474-1A3956D46DE8}") = "Chapter09", "Chapter09", "{16E9738B-960F-4722-B6DA-4077FB635BCF}"
EndProject
Project("{FAE04EC0-301F-11D3-BF4B-00C04F79EFBC}") = "Exercise2", "Chapter09\Exercise2\Exercise2.csproj", "{49976206-8226-46FD-984D-DB8BAD149919}"
EndProject
Project("{FAE04EC0-301F-11D3-BF4B-00C04F79EFBC}") = "Sample0823", "Sample0823\Sample0823.csproj", "{CC21D3A0-404E-4CB3-BF93-56A8003CD8B6}"
EndProject
Project("{2150E333-8FDC-42A3-9474-1A3956D46DE8}") = "Chapter11", "Chapter11", "{452F6C10-E36B-4033-80B7-DBB71856F844}"
EndProject
Project("{FAE04EC0-301F-11D3-BF4B-00C04F79EFBC}") = "Section01", "Chapter11\Section01\Section01.csproj", "{7D3B0688-1E1A-4EDF-A3D2-F398D2F402EB}"
EndProject
Project("{FAE04EC0-301F-11D3-BF4B-00C04F79EFBC}") = "Exercise1", "Chapter11\Exercise1\Exercise1.csproj", "{785ACF99-F62A-4E68-AF8D-8E599702E807}"
EndProject
Project("{FAE04EC0-301F-11D3-BF4B-00C04F79EFBC}") = "Section02", "Chapter11\Section02\Section02.csproj", "{C2417365-D1F8-433F-B936-D7725C78DE9D}"
EndProject
Project("{2150E333-8FDC-42A3-9474-1A3956D46DE8}") = "Chapter14", "Chapter14", "{84BFEEA0-5FF4-4F34-9268-5E9761EEDA35}"
EndProject
Project("{FAE04EC0-301F-11D3-BF4B-00C04F79EFBC}") = "Section04", "Chapter14\ConsoleApp1\Section04.csproj", "{09F0F13B-3DA7-4EFA-AAF4-50B3805FD585}"
EndProject
Project("{FAE04EC0-301F-11D3-BF4B-00C04F79EFBC}") = "WeatherApp", "Chapter14\WeatherApp\WeatherApp.csproj", "{CF65651B-5EB0-4E3D-BF93-8B51CD7C8B19}"
EndProject
Project("{2150E333-8FDC-42A3-9474-1A3956D46DE8}") = "RssReader", "RssReader", "{9F83D952-30AE-4D3A-83F5-0228946B882B}"
EndProject
Project("{FAE04EC0-301F-11D3-BF4B-00C04F79EFBC}") = "RssReader", "RssReader\RssReader\RssReader.csproj", "{9D9DB7BA-2EBD-4C17-8CCB-E274BE79BBA7}"
EndProject
Project("{2150E333-8FDC-42A3-9474-1A3956D46DE8}") = "SendMail", "SendMail", "{42A3B454-31C2-4314-9B4F-4C4D62B65A87}"
EndProject
Project("{FAE04EC0-301F-11D3-BF4B-00C04F79EFBC}") = "SendMail", "SendMail\SendMail\SendMail.csproj", "{53E106C4-A2BD-4F5C-A295-0DF1556F47E6}"
EndProject
Global
	GlobalSection(SolutionConfigurationPlatforms) = preSolution
		Debug|Any CPU = Debug|Any CPU
		Release|Any CPU = Release|Any CPU
	EndGlobalSection
	GlobalSection(ProjectConfigurationPlatforms) = postSolution
		{795A9CF6-17AF-42A9-9B46-A546CE0F1B96}.Debug|Any CPU.ActiveCfg = Debug|Any CPU
		{795A9CF6-17AF-42A9-9B46-A546CE0F1B96}.Debug|Any CPU.Build.0 = Debug|Any CPU
		{795A9CF6-17AF-42A9-9B46-A546CE0F1B96}.Release|Any CPU.ActiveCfg = Release|Any CPU
		{795A9CF6-17AF-42A9-9B46-A546CE0F1B96}.Release|Any CPU.Build.0 = Release|Any CPU
		{C1135BDD-2588-47C4-8AF3-79FFF39B0E0C}.Debug|Any CPU.ActiveCfg = Debug|Any CPU
		{C1135BDD-2588-47C4-8AF3-79FFF39B0E0C}.Debug|Any CPU.Build.0 = Debug|Any CPU
		{C1135BDD-2588-47C4-8AF3-79FFF39B0E0C}.Release|Any CPU.ActiveCfg = Release|Any CPU
		{C1135BDD-2588-47C4-8AF3-79FFF39B0E0C}.Release|Any CPU.Build.0 = Release|Any CPU
		{C308BC75-77E5-4940-8558-76951FB72084}.Debug|Any CPU.ActiveCfg = Debug|Any CPU
		{C308BC75-77E5-4940-8558-76951FB72084}.Debug|Any CPU.Build.0 = Debug|Any CPU
		{C308BC75-77E5-4940-8558-76951FB72084}.Release|Any CPU.ActiveCfg = Release|Any CPU
		{C308BC75-77E5-4940-8558-76951FB72084}.Release|Any CPU.Build.0 = Release|Any CPU
		{719F00CC-F43E-4A62-AC1B-A39083978EC9}.Debug|Any CPU.ActiveCfg = Debug|Any CPU
		{719F00CC-F43E-4A62-AC1B-A39083978EC9}.Debug|Any CPU.Build.0 = Debug|Any CPU
		{719F00CC-F43E-4A62-AC1B-A39083978EC9}.Release|Any CPU.ActiveCfg = Release|Any CPU
		{719F00CC-F43E-4A62-AC1B-A39083978EC9}.Release|Any CPU.Build.0 = Release|Any CPU
		{52DDB5FF-B429-47F2-927F-72993E248D1F}.Debug|Any CPU.ActiveCfg = Debug|Any CPU
		{52DDB5FF-B429-47F2-927F-72993E248D1F}.Debug|Any CPU.Build.0 = Debug|Any CPU
		{52DDB5FF-B429-47F2-927F-72993E248D1F}.Release|Any CPU.ActiveCfg = Release|Any CPU
		{52DDB5FF-B429-47F2-927F-72993E248D1F}.Release|Any CPU.Build.0 = Release|Any CPU
		{5CBC6B91-1916-41DA-8376-3818601B897A}.Debug|Any CPU.ActiveCfg = Debug|Any CPU
		{5CBC6B91-1916-41DA-8376-3818601B897A}.Debug|Any CPU.Build.0 = Debug|Any CPU
		{5CBC6B91-1916-41DA-8376-3818601B897A}.Release|Any CPU.ActiveCfg = Release|Any CPU
		{5CBC6B91-1916-41DA-8376-3818601B897A}.Release|Any CPU.Build.0 = Release|Any CPU
		{436082EC-4EAD-4913-9586-C5A3E2F99FFE}.Debug|Any CPU.ActiveCfg = Debug|Any CPU
		{436082EC-4EAD-4913-9586-C5A3E2F99FFE}.Debug|Any CPU.Build.0 = Debug|Any CPU
		{436082EC-4EAD-4913-9586-C5A3E2F99FFE}.Release|Any CPU.ActiveCfg = Release|Any CPU
		{436082EC-4EAD-4913-9586-C5A3E2F99FFE}.Release|Any CPU.Build.0 = Release|Any CPU
		{898A3DDC-33A6-4293-86F4-B0778F947FD6}.Debug|Any CPU.ActiveCfg = Debug|Any CPU
		{898A3DDC-33A6-4293-86F4-B0778F947FD6}.Debug|Any CPU.Build.0 = Debug|Any CPU
		{898A3DDC-33A6-4293-86F4-B0778F947FD6}.Release|Any CPU.ActiveCfg = Release|Any CPU
		{898A3DDC-33A6-4293-86F4-B0778F947FD6}.Release|Any CPU.Build.0 = Release|Any CPU
		{622A6452-B619-45AA-97A1-C371044300A8}.Debug|Any CPU.ActiveCfg = Debug|Any CPU
		{622A6452-B619-45AA-97A1-C371044300A8}.Debug|Any CPU.Build.0 = Debug|Any CPU
		{622A6452-B619-45AA-97A1-C371044300A8}.Release|Any CPU.ActiveCfg = Release|Any CPU
		{622A6452-B619-45AA-97A1-C371044300A8}.Release|Any CPU.Build.0 = Release|Any CPU
		{96AC5E42-C6F2-4E6E-BB3E-8BA7714E6837}.Debug|Any CPU.ActiveCfg = Debug|Any CPU
		{96AC5E42-C6F2-4E6E-BB3E-8BA7714E6837}.Debug|Any CPU.Build.0 = Debug|Any CPU
		{96AC5E42-C6F2-4E6E-BB3E-8BA7714E6837}.Release|Any CPU.ActiveCfg = Release|Any CPU
		{96AC5E42-C6F2-4E6E-BB3E-8BA7714E6837}.Release|Any CPU.Build.0 = Release|Any CPU
		{2BFACDC3-F44D-4199-8498-F5C3C4AC0335}.Debug|Any CPU.ActiveCfg = Debug|Any CPU
		{2BFACDC3-F44D-4199-8498-F5C3C4AC0335}.Debug|Any CPU.Build.0 = Debug|Any CPU
		{2BFACDC3-F44D-4199-8498-F5C3C4AC0335}.Release|Any CPU.ActiveCfg = Release|Any CPU
		{2BFACDC3-F44D-4199-8498-F5C3C4AC0335}.Release|Any CPU.Build.0 = Release|Any CPU
		{E461C0A8-8900-485C-B520-E929BA33F712}.Debug|Any CPU.ActiveCfg = Debug|Any CPU
		{E461C0A8-8900-485C-B520-E929BA33F712}.Debug|Any CPU.Build.0 = Debug|Any CPU
		{E461C0A8-8900-485C-B520-E929BA33F712}.Release|Any CPU.ActiveCfg = Release|Any CPU
		{E461C0A8-8900-485C-B520-E929BA33F712}.Release|Any CPU.Build.0 = Release|Any CPU
		{6BF2240B-2552-407E-9EF1-5C7C0E97B4AB}.Debug|Any CPU.ActiveCfg = Debug|Any CPU
		{6BF2240B-2552-407E-9EF1-5C7C0E97B4AB}.Debug|Any CPU.Build.0 = Debug|Any CPU
		{6BF2240B-2552-407E-9EF1-5C7C0E97B4AB}.Release|Any CPU.ActiveCfg = Release|Any CPU
		{6BF2240B-2552-407E-9EF1-5C7C0E97B4AB}.Release|Any CPU.Build.0 = Release|Any CPU
		{327279B5-9611-4F1B-8538-F992F7DDAA22}.Debug|Any CPU.ActiveCfg = Debug|Any CPU
		{327279B5-9611-4F1B-8538-F992F7DDAA22}.Debug|Any CPU.Build.0 = Debug|Any CPU
		{327279B5-9611-4F1B-8538-F992F7DDAA22}.Release|Any CPU.ActiveCfg = Release|Any CPU
		{327279B5-9611-4F1B-8538-F992F7DDAA22}.Release|Any CPU.Build.0 = Release|Any CPU
		{E3B81DA8-5335-47EA-AC37-60209EE5D54C}.Debug|Any CPU.ActiveCfg = Debug|Any CPU
		{E3B81DA8-5335-47EA-AC37-60209EE5D54C}.Debug|Any CPU.Build.0 = Debug|Any CPU
		{E3B81DA8-5335-47EA-AC37-60209EE5D54C}.Release|Any CPU.ActiveCfg = Release|Any CPU
		{E3B81DA8-5335-47EA-AC37-60209EE5D54C}.Release|Any CPU.Build.0 = Release|Any CPU
		{F8DD4C13-3399-4AE9-ABBF-4E1B1E40A5DB}.Debug|Any CPU.ActiveCfg = Debug|Any CPU
		{F8DD4C13-3399-4AE9-ABBF-4E1B1E40A5DB}.Debug|Any CPU.Build.0 = Debug|Any CPU
		{F8DD4C13-3399-4AE9-ABBF-4E1B1E40A5DB}.Release|Any CPU.ActiveCfg = Release|Any CPU
		{F8DD4C13-3399-4AE9-ABBF-4E1B1E40A5DB}.Release|Any CPU.Build.0 = Release|Any CPU
		{A84853CA-86C2-42E0-8422-4CE2CA76327C}.Debug|Any CPU.ActiveCfg = Debug|Any CPU
		{A84853CA-86C2-42E0-8422-4CE2CA76327C}.Debug|Any CPU.Build.0 = Debug|Any CPU
		{A84853CA-86C2-42E0-8422-4CE2CA76327C}.Release|Any CPU.ActiveCfg = Release|Any CPU
		{A84853CA-86C2-42E0-8422-4CE2CA76327C}.Release|Any CPU.Build.0 = Release|Any CPU
		{D5B4DE0B-F447-495E-B57C-82942E0407CA}.Debug|Any CPU.ActiveCfg = Debug|Any CPU
		{D5B4DE0B-F447-495E-B57C-82942E0407CA}.Debug|Any CPU.Build.0 = Debug|Any CPU
		{D5B4DE0B-F447-495E-B57C-82942E0407CA}.Release|Any CPU.ActiveCfg = Release|Any CPU
		{D5B4DE0B-F447-495E-B57C-82942E0407CA}.Release|Any CPU.Build.0 = Release|Any CPU
		{05436B43-84B4-4285-9B7A-6DAA45B43E63}.Debug|Any CPU.ActiveCfg = Debug|Any CPU
		{05436B43-84B4-4285-9B7A-6DAA45B43E63}.Debug|Any CPU.Build.0 = Debug|Any CPU
		{05436B43-84B4-4285-9B7A-6DAA45B43E63}.Release|Any CPU.ActiveCfg = Release|Any CPU
		{05436B43-84B4-4285-9B7A-6DAA45B43E63}.Release|Any CPU.Build.0 = Release|Any CPU
		{873F9DB6-60C0-4FAB-886A-C527EA223800}.Debug|Any CPU.ActiveCfg = Debug|Any CPU
		{873F9DB6-60C0-4FAB-886A-C527EA223800}.Debug|Any CPU.Build.0 = Debug|Any CPU
		{873F9DB6-60C0-4FAB-886A-C527EA223800}.Release|Any CPU.ActiveCfg = Release|Any CPU
		{873F9DB6-60C0-4FAB-886A-C527EA223800}.Release|Any CPU.Build.0 = Release|Any CPU
		{782016A6-B119-4AE5-B350-637D82FEDEE8}.Debug|Any CPU.ActiveCfg = Debug|Any CPU
		{782016A6-B119-4AE5-B350-637D82FEDEE8}.Debug|Any CPU.Build.0 = Debug|Any CPU
		{782016A6-B119-4AE5-B350-637D82FEDEE8}.Release|Any CPU.ActiveCfg = Release|Any CPU
		{782016A6-B119-4AE5-B350-637D82FEDEE8}.Release|Any CPU.Build.0 = Release|Any CPU
		{5944D14A-1C2A-4BEF-BA46-A3EEBFF28E67}.Debug|Any CPU.ActiveCfg = Debug|Any CPU
		{5944D14A-1C2A-4BEF-BA46-A3EEBFF28E67}.Debug|Any CPU.Build.0 = Debug|Any CPU
		{5944D14A-1C2A-4BEF-BA46-A3EEBFF28E67}.Release|Any CPU.ActiveCfg = Release|Any CPU
		{5944D14A-1C2A-4BEF-BA46-A3EEBFF28E67}.Release|Any CPU.Build.0 = Release|Any CPU
		{0CA2776E-5E01-4407-9E8F-D389DD315EB7}.Debug|Any CPU.ActiveCfg = Debug|Any CPU
		{0CA2776E-5E01-4407-9E8F-D389DD315EB7}.Debug|Any CPU.Build.0 = Debug|Any CPU
		{0CA2776E-5E01-4407-9E8F-D389DD315EB7}.Release|Any CPU.ActiveCfg = Release|Any CPU
		{0CA2776E-5E01-4407-9E8F-D389DD315EB7}.Release|Any CPU.Build.0 = Release|Any CPU
		{4195A206-8CAB-4DAF-836E-438AD2389D94}.Debug|Any CPU.ActiveCfg = Debug|Any CPU
		{4195A206-8CAB-4DAF-836E-438AD2389D94}.Debug|Any CPU.Build.0 = Debug|Any CPU
		{4195A206-8CAB-4DAF-836E-438AD2389D94}.Release|Any CPU.ActiveCfg = Release|Any CPU
		{4195A206-8CAB-4DAF-836E-438AD2389D94}.Release|Any CPU.Build.0 = Release|Any CPU
		{49976206-8226-46FD-984D-DB8BAD149919}.Debug|Any CPU.ActiveCfg = Debug|Any CPU
		{49976206-8226-46FD-984D-DB8BAD149919}.Debug|Any CPU.Build.0 = Debug|Any CPU
		{49976206-8226-46FD-984D-DB8BAD149919}.Release|Any CPU.ActiveCfg = Release|Any CPU
		{49976206-8226-46FD-984D-DB8BAD149919}.Release|Any CPU.Build.0 = Release|Any CPU
		{CC21D3A0-404E-4CB3-BF93-56A8003CD8B6}.Debug|Any CPU.ActiveCfg = Debug|Any CPU
		{CC21D3A0-404E-4CB3-BF93-56A8003CD8B6}.Debug|Any CPU.Build.0 = Debug|Any CPU
		{CC21D3A0-404E-4CB3-BF93-56A8003CD8B6}.Release|Any CPU.ActiveCfg = Release|Any CPU
		{CC21D3A0-404E-4CB3-BF93-56A8003CD8B6}.Release|Any CPU.Build.0 = Release|Any CPU
		{7D3B0688-1E1A-4EDF-A3D2-F398D2F402EB}.Debug|Any CPU.ActiveCfg = Debug|Any CPU
		{7D3B0688-1E1A-4EDF-A3D2-F398D2F402EB}.Debug|Any CPU.Build.0 = Debug|Any CPU
		{7D3B0688-1E1A-4EDF-A3D2-F398D2F402EB}.Release|Any CPU.ActiveCfg = Release|Any CPU
		{7D3B0688-1E1A-4EDF-A3D2-F398D2F402EB}.Release|Any CPU.Build.0 = Release|Any CPU
		{785ACF99-F62A-4E68-AF8D-8E599702E807}.Debug|Any CPU.ActiveCfg = Debug|Any CPU
		{785ACF99-F62A-4E68-AF8D-8E599702E807}.Debug|Any CPU.Build.0 = Debug|Any CPU
		{785ACF99-F62A-4E68-AF8D-8E599702E807}.Release|Any CPU.ActiveCfg = Release|Any CPU
		{785ACF99-F62A-4E68-AF8D-8E599702E807}.Release|Any CPU.Build.0 = Release|Any CPU
		{C2417365-D1F8-433F-B936-D7725C78DE9D}.Debug|Any CPU.ActiveCfg = Debug|Any CPU
		{C2417365-D1F8-433F-B936-D7725C78DE9D}.Debug|Any CPU.Build.0 = Debug|Any CPU
		{C2417365-D1F8-433F-B936-D7725C78DE9D}.Release|Any CPU.ActiveCfg = Release|Any CPU
		{C2417365-D1F8-433F-B936-D7725C78DE9D}.Release|Any CPU.Build.0 = Release|Any CPU
		{09F0F13B-3DA7-4EFA-AAF4-50B3805FD585}.Debug|Any CPU.ActiveCfg = Debug|Any CPU
		{09F0F13B-3DA7-4EFA-AAF4-50B3805FD585}.Debug|Any CPU.Build.0 = Debug|Any CPU
		{09F0F13B-3DA7-4EFA-AAF4-50B3805FD585}.Release|Any CPU.ActiveCfg = Release|Any CPU
		{09F0F13B-3DA7-4EFA-AAF4-50B3805FD585}.Release|Any CPU.Build.0 = Release|Any CPU
		{CF65651B-5EB0-4E3D-BF93-8B51CD7C8B19}.Debug|Any CPU.ActiveCfg = Debug|Any CPU
		{CF65651B-5EB0-4E3D-BF93-8B51CD7C8B19}.Debug|Any CPU.Build.0 = Debug|Any CPU
		{CF65651B-5EB0-4E3D-BF93-8B51CD7C8B19}.Release|Any CPU.ActiveCfg = Release|Any CPU
		{CF65651B-5EB0-4E3D-BF93-8B51CD7C8B19}.Release|Any CPU.Build.0 = Release|Any CPU
		{9D9DB7BA-2EBD-4C17-8CCB-E274BE79BBA7}.Debug|Any CPU.ActiveCfg = Debug|Any CPU
		{9D9DB7BA-2EBD-4C17-8CCB-E274BE79BBA7}.Debug|Any CPU.Build.0 = Debug|Any CPU
		{9D9DB7BA-2EBD-4C17-8CCB-E274BE79BBA7}.Release|Any CPU.ActiveCfg = Release|Any CPU
		{9D9DB7BA-2EBD-4C17-8CCB-E274BE79BBA7}.Release|Any CPU.Build.0 = Release|Any CPU
		{53E106C4-A2BD-4F5C-A295-0DF1556F47E6}.Debug|Any CPU.ActiveCfg = Debug|Any CPU
		{53E106C4-A2BD-4F5C-A295-0DF1556F47E6}.Debug|Any CPU.Build.0 = Debug|Any CPU
		{53E106C4-A2BD-4F5C-A295-0DF1556F47E6}.Release|Any CPU.ActiveCfg = Release|Any CPU
		{53E106C4-A2BD-4F5C-A295-0DF1556F47E6}.Release|Any CPU.Build.0 = Release|Any CPU
	EndGlobalSection
	GlobalSection(SolutionProperties) = preSolution
		HideSolutionNode = FALSE
	EndGlobalSection
	GlobalSection(NestedProjects) = preSolution
		{795A9CF6-17AF-42A9-9B46-A546CE0F1B96} = {2FF66FDC-0489-47CE-B938-32DC15F86DEA}
		{C1135BDD-2588-47C4-8AF3-79FFF39B0E0C} = {2FF66FDC-0489-47CE-B938-32DC15F86DEA}
		{C308BC75-77E5-4940-8558-76951FB72084} = {0792820A-B6EE-41C7-B592-56169946437C}
		{0792820A-B6EE-41C7-B592-56169946437C} = {2FF66FDC-0489-47CE-B938-32DC15F86DEA}
		{719F00CC-F43E-4A62-AC1B-A39083978EC9} = {0792820A-B6EE-41C7-B592-56169946437C}
		{52DDB5FF-B429-47F2-927F-72993E248D1F} = {0792820A-B6EE-41C7-B592-56169946437C}
		{5CBC6B91-1916-41DA-8376-3818601B897A} = {C87E7EC8-F017-44F1-A130-EC5609C459EC}
		{436082EC-4EAD-4913-9586-C5A3E2F99FFE} = {F87CFA5C-2740-48C3-A28C-290FACE245C0}
		{898A3DDC-33A6-4293-86F4-B0778F947FD6} = {DE640114-DFB2-453D-A326-AC3AB5C8E871}
		{DE640114-DFB2-453D-A326-AC3AB5C8E871} = {F87CFA5C-2740-48C3-A28C-290FACE245C0}
		{622A6452-B619-45AA-97A1-C371044300A8} = {DE640114-DFB2-453D-A326-AC3AB5C8E871}
		{96AC5E42-C6F2-4E6E-BB3E-8BA7714E6837} = {75BB0816-3372-4CF2-B9F5-0127FE6E1230}
		{2BFACDC3-F44D-4199-8498-F5C3C4AC0335} = {B614ACF3-B515-431F-9295-524F50ED032C}
		{E461C0A8-8900-485C-B520-E929BA33F712} = {B614ACF3-B515-431F-9295-524F50ED032C}
		{6BF2240B-2552-407E-9EF1-5C7C0E97B4AB} = {75BB0816-3372-4CF2-B9F5-0127FE6E1230}
		{327279B5-9611-4F1B-8538-F992F7DDAA22} = {75BB0816-3372-4CF2-B9F5-0127FE6E1230}
		{E3B81DA8-5335-47EA-AC37-60209EE5D54C} = {75BB0816-3372-4CF2-B9F5-0127FE6E1230}
		{F8DD4C13-3399-4AE9-ABBF-4E1B1E40A5DB} = {B04477CC-9BE0-4CE8-9B2F-3DB1916AB7D1}
		{A84853CA-86C2-42E0-8422-4CE2CA76327C} = {B04477CC-9BE0-4CE8-9B2F-3DB1916AB7D1}
		{D5B4DE0B-F447-495E-B57C-82942E0407CA} = {5D5DD5E1-C895-4FAA-8AC7-0EB436BFDE8B}
		{05436B43-84B4-4285-9B7A-6DAA45B43E63} = {5D5DD5E1-C895-4FAA-8AC7-0EB436BFDE8B}
		{873F9DB6-60C0-4FAB-886A-C527EA223800} = {D01788CB-364A-4928-A244-062D59E8D4FF}
		{AF14F6B3-2F2A-4104-A442-C564C72392AA} = {D01788CB-364A-4928-A244-062D59E8D4FF}
		{782016A6-B119-4AE5-B350-637D82FEDEE8} = {AF14F6B3-2F2A-4104-A442-C564C72392AA}
		{5944D14A-1C2A-4BEF-BA46-A3EEBFF28E67} = {D01788CB-364A-4928-A244-062D59E8D4FF}
		{0CA2776E-5E01-4407-9E8F-D389DD315EB7} = {AF14F6B3-2F2A-4104-A442-C564C72392AA}
		{4195A206-8CAB-4DAF-836E-438AD2389D94} = {16E9738B-960F-4722-B6DA-4077FB635BCF}
		{49976206-8226-46FD-984D-DB8BAD149919} = {16E9738B-960F-4722-B6DA-4077FB635BCF}
		{7D3B0688-1E1A-4EDF-A3D2-F398D2F402EB} = {452F6C10-E36B-4033-80B7-DBB71856F844}
		{785ACF99-F62A-4E68-AF8D-8E599702E807} = {452F6C10-E36B-4033-80B7-DBB71856F844}
		{C2417365-D1F8-433F-B936-D7725C78DE9D} = {452F6C10-E36B-4033-80B7-DBB71856F844}
		{09F0F13B-3DA7-4EFA-AAF4-50B3805FD585} = {84BFEEA0-5FF4-4F34-9268-5E9761EEDA35}
		{CF65651B-5EB0-4E3D-BF93-8B51CD7C8B19} = {84BFEEA0-5FF4-4F34-9268-5E9761EEDA35}
		{9D9DB7BA-2EBD-4C17-8CCB-E274BE79BBA7} = {9F83D952-30AE-4D3A-83F5-0228946B882B}
		{53E106C4-A2BD-4F5C-A295-0DF1556F47E6} = {42A3B454-31C2-4314-9B4F-4C4D62B65A87}
	EndGlobalSection
	GlobalSection(ExtensibilityGlobals) = postSolution
		SolutionGuid = {30F321BF-1C98-4CD6-B1ED-E7FC5730015B}
	EndGlobalSection
EndGlobal
