
Microsoft Visual Studio Solution File, Format Version 12.00
# Visual Studio Version 16
VisualStudioVersion = 16.0.31112.23
MinimumVisualStudioVersion = 10.0.40219.1
Project("{2150E333-8FDC-42A3-9474-1A3956D46DE8}") = "Chapter02", "Chapter02", "{2FF66FDC-0489-47CE-B938-32DC15F86DEA}"
EndProject
Project("{FAE04EC0-301F-11D3-BF4B-00C04F79EFBC}") = "SalesCalculator", "SalesCalculator\SalesCalculator.csproj", "{C1135BDD-2588-47C4-8AF3-79FFF39B0E0C}"
EndProject
Project("{FAE04EC0-301F-11D3-BF4B-00C04F79EFBC}") = "Exercise1", "Exercise1\Exercise1.csproj", "{C308BC75-77E5-4940-8558-76951FB72084}"
EndProject
Project("{2150E333-8FDC-42A3-9474-1A3956D46DE8}") = "Exercise", "Exercise", "{0792820A-B6EE-41C7-B592-56169946437C}"
EndProject
Project("{FAE04EC0-301F-11D3-BF4B-00C04F79EFBC}") = "Exercise2", "Exercise2\Exercise2.csproj", "{719F00CC-F43E-4A62-AC1B-A39083978EC9}"
EndProject
Project("{FAE04EC0-301F-11D3-BF4B-00C04F79EFBC}") = "Exercise3", "Exercise3\Exercise3.csproj", "{52DDB5FF-B429-47F2-927F-72993E248D1F}"
EndProject
Project("{2150E333-8FDC-42A3-9474-1A3956D46DE8}") = "Chapter03", "Chapter03", "{C87E7EC8-F017-44F1-A130-EC5609C459EC}"
EndProject
Project("{FAE04EC0-301F-11D3-BF4B-00C04F79EFBC}") = "Section01", "Section01\Section01.csproj", "{5CBC6B91-1916-41DA-8376-3818601B897A}"
EndProject
Project("{FAE04EC0-301F-11D3-BF4B-00C04F79EFBC}") = "Section01", "Chapter04\Section01\Section01.csproj", "{436082EC-4EAD-4913-9586-C5A3E2F99FFE}"
EndProject
Project("{2150E333-8FDC-42A3-9474-1A3956D46DE8}") = "Chapter04", "Chapter04", "{F87CFA5C-2740-48C3-A28C-290FACE245C0}"
EndProject
Project("{FAE04EC0-301F-11D3-BF4B-00C04F79EFBC}") = "Exercise1", "Chapter04\Exercise\Exercise1\Exercise1.csproj", "{898A3DDC-33A6-4293-86F4-B0778F947FD6}"
EndProject
Project("{2150E333-8FDC-42A3-9474-1A3956D46DE8}") = "Exercise", "Exercise", "{DE640114-DFB2-453D-A326-AC3AB5C8E871}"
EndProject
Project("{FAE04EC0-301F-11D3-BF4B-00C04F79EFBC}") = "Exercise2", "Chapter04\Exercise\Exercise2\Exercise2.csproj", "{622A6452-B619-45AA-97A1-C371044300A8}"
EndProject
Project("{2150E333-8FDC-42A3-9474-1A3956D46DE8}") = "Chapter05", "Chapter05", "{75BB0816-3372-4CF2-B9F5-0127FE6E1230}"
EndProject
Project("{FAE04EC0-301F-11D3-BF4B-00C04F79EFBC}") = "Test01", "TestProject\Test01\Test01.csproj", "{2BFACDC3-F44D-4199-8498-F5C3C4AC0335}"
EndProject
Project("{FAE04EC0-301F-11D3-BF4B-00C04F79EFBC}") = "Test02", "TestProject\Test02\Test02.csproj", "{E461C0A8-8900-485C-B520-E929BA33F712}"
EndProject
Project("{2150E333-8FDC-42A3-9474-1A3956D46DE8}") = "TestProject", "TestProject", "{B614ACF3-B515-431F-9295-524F50ED032C}"
EndProject
Project("{FAE04EC0-301F-11D3-BF4B-00C04F79EFBC}") = "Exercise2", "Chapter05\Exercise2\Exercise2.csproj", "{6BF2240B-2552-407E-9EF1-5C7C0E97B4AB}"
EndProject
Project("{FAE04EC0-301F-11D3-BF4B-00C04F79EFBC}") = "Exercise3", "Chapter05\Exercise3\Exercise3.csproj", "{327279B5-9611-4F1B-8538-F992F7DDAA22}"
EndProject
Project("{FAE04EC0-301F-11D3-BF4B-00C04F79EFBC}") = "Enshumondai5_4", "Enshumondai5_4\Enshumondai5_4.csproj", "{E3B81DA8-5335-47EA-AC37-60209EE5D54C}"
EndProject
Project("{FAE04EC0-301F-11D3-BF4B-00C04F79EFBC}") = "Section01", "Chapter06\Section01\Section01.csproj", "{F8DD4C13-3399-4AE9-ABBF-4E1B1E40A5DB}"
EndProject
Project("{2150E333-8FDC-42A3-9474-1A3956D46DE8}") = "Chapter06", "Chapter06", "{B04477CC-9BE0-4CE8-9B2F-3DB1916AB7D1}"
EndProject
Project("{FAE04EC0-301F-11D3-BF4B-00C04F79EFBC}") = "Exercise1", "Chapter06\Exercise\Exercise1\Exercise1.csproj", "{A84853CA-86C2-42E0-8422-4CE2CA76327C}"
EndProject
Project("{2150E333-8FDC-42A3-9474-1A3956D46DE8}") = "Chapter07", "Chapter07", "{5D5DD5E1-C895-4FAA-8AC7-0EB436BFDE8B}"
EndProject
Project("{FAE04EC0-301F-11D3-BF4B-00C04F79EFBC}") = "Exercise", "Chapter07\Exercise\Exercise.csproj", "{D5B4DE0B-F447-495E-B57C-82942E0407CA}"
EndProject
Project("{FAE04EC0-301F-11D3-BF4B-00C04F79EFBC}") = "Exercise2", "Chapter07\Exercise2\Exercise2.csproj", "{05436B43-84B4-4285-9B7A-6DAA45B43E63}"
EndProject
Project("{2150E333-8FDC-42A3-9474-1A3956D46DE8}") = "Chapter08", "Chapter08", "{D01788CB-364A-4928-A244-062D59E8D4FF}"
EndProject
Project("{FAE04EC0-301F-11D3-BF4B-00C04F79EFBC}") = "Exercise1", "Chapter08\Exercise1\Exercise1.csproj", "{873F9DB6-60C0-4FAB-886A-C527EA223800}"
EndProject
Project("{2150E333-8FDC-42A3-9474-1A3956D46DE8}") = "Exercise", "Exercise", "{AF14F6B3-2F2A-4104-A442-C564C72392AA}"
EndProject
Project("{FAE04EC0-301F-11D3-BF4B-00C04F79EFBC}") = "Exercise1", "Chapter08\Exercise\Exercise1\Exercise1.csproj", "{782016A6-B119-4AE5-B350-637D82FEDEE8}"
EndProject
Project("{FAE04EC0-301F-11D3-BF4B-00C04F79EFBC}") = "StopWatch", "Chapter08\StopWatch\StopWatch.csproj", "{5944D14A-1C2A-4BEF-BA46-A3EEBFF28E67}"
EndProject
Project("{FAE04EC0-301F-11D3-BF4B-00C04F79EFBC}") = "Exercise2", "Chapter08\Exercise\Exercise2\Exercise2.csproj", "{0CA2776E-5E01-4407-9E8F-D389DD315EB7}"
EndProject
Project("{FAE04EC0-301F-11D3-BF4B-00C04F79EFBC}") = "Exercise1", "Chapter09\Exercise1\Exercise1.csproj", "{4195A206-8CAB-4DAF-836E-438AD2389D94}"
EndProject
Project("{2150E333-8FDC-42A3-9474-1A3956D46DE8}") = "Chapter09", "Chapter09", "{16E9738B-960F-4722-B6DA-4077FB635BCF}"
EndProject
Project("{FAE04EC0-301F-11D3-BF4B-00C04F79EFBC}") = "Exercise2", "Chapter09\Exercise2\Exercise2.csproj", "{49976206-8226-46FD-984D-DB8BAD149919}"
EndProject
Project("{FAE04EC0-301F-11D3-BF4B-00C04F79EFBC}") = "Sample0823", "Sample0823\Sample0823.csproj", "{CC21D3A0-404E-4CB3-BF93-56A8003CD8B6}"
EndProject
Project("{2150E333-8FDC-42A3-9474-1A3956D46DE8}") = "Chapter11", "Chapter11", "{452F6C10-E36B-4033-80B7-DBB71856F844}"
EndProject
Project("{FAE04EC0-301F-11D3-BF4B-00C04F79EFBC}") = "Section01", "Chapter11\Section01\Section01.csproj", "{7D3B0688-1E1A-4EDF-A3D2-F398D2F402EB}"
EndProject
Project("{FAE04EC0-301F-11D3-BF4B-00C04F79EFBC}") = "Exercise1", "Chapter11\Exercise1\Exercise1.csproj", "{785ACF99-F62A-4E68-AF8D-8E599702E807}"
EndProject
Project("{FAE04EC0-301F-11D3-BF4B-00C04F79EFBC}") = "Section02", "Chapter11\Section02\Section02.csproj", "{C2417365-D1F8-433F-B936-D7725C78DE9D}"
EndProject
Project("{2150E333-8FDC-42A3-9474-1A3956D46DE8}") = "Chapter14", "Chapter14", "{84BFEEA0-5FF4-4F34-9268-5E9761EEDA35}"
EndProject
Project("{FAE04EC0-301F-11D3-BF4B-00C04F79EFBC}") = "Section04", "Chapter14\ConsoleApp1\Section04.csproj", "{09F0F13B-3DA7-4EFA-AAF4-50B3805FD585}"
EndProject
Project("{FAE04EC0-301F-11D3-BF4B-00C04F79EFBC}") = "WeatherApp", "Chapter14\WeatherApp\WeatherApp.csproj", "{CF65651B-5EB0-4E3D-BF93-8B51CD7C8B19}"
EndProject
Project("{2150E333-8FDC-42A3-9474-1A3956D46DE8}") = "RssReader", "RssReader", "{9F83D952-30AE-4D3A-83F5-0228946B882B}"
EndProject
Project("{FAE04EC0-301F-11D3-BF4B-00C04F79EFBC}") = "RssReader", "RssReader\RssReader\RssReader.csproj", "{9D9DB7BA-2EBD-4C17-8CCB-E274BE79BBA7}"
EndProject
Project("{2150E333-8FDC-42A3-9474-1A3956D46DE8}") = "SendMail", "SendMail", "{42A3B454-31C2-4314-9B4F-4C4D62B65A87}"
EndProject
Project("{FAE04EC0-301F-11D3-BF4B-00C04F79EFBC}") = "SendMail", "SendMail\SendMail\SendMail.csproj", "{53E106C4-A2BD-4F5C-A295-0DF1556F47E6}"
EndProject
Project("{FAE04EC0-301F-11D3-BF4B-00C04F79EFBC}") = "SampleEntityFramework", "EntityFramework\SampleEntityFramework\SampleEntityFramework.csproj", "{78F130FB-18CD-4E7A-BE03-ADDA88DFE712}"
EndProject
Project("{2150E333-8FDC-42A3-9474-1A3956D46DE8}") = "Chapter13", "Chapter13", "{CAD10EDF-E500-4983-B137-583608A039D0}"
EndProject
Project("{2150E333-8FDC-42A3-9474-1A3956D46DE8}") = "ADO.NET", "ADO.NET", "{AD3A5F4F-9EDF-4FD8-B527-BE5C5CB56381}"
EndProject
Project("{FAE04EC0-301F-11D3-BF4B-00C04F79EFBC}") = "AddressBook", "ADO.NET\AddressBook\AddressBook.csproj", "{BDD38139-6A9A-455A-9CBB-4D5EDFE3AE70}"
EndProject
Project("{FAE04EC0-301F-11D3-BF4B-00C04F79EFBC}") = "SampleApp", "WPF\SampleApp\SampleApp.csproj", "{930BB2BA-E44B-4798-97BF-7EFE6029E8AA}"
EndProject
Project("{2150E333-8FDC-42A3-9474-1A3956D46DE8}") = "WPF", "WPF", "{5B070556-D142-4B00-B9A1-6FE36C00F792}"
EndProject
Project("{FAE04EC0-301F-11D3-BF4B-00C04F79EFBC}") = "SampleGridApp", "WPF\SampleGridApp\SampleGridApp.csproj", "{BF29217A-35D2-443A-A185-BC96D0688276}"
EndProject
Project("{FAE04EC0-301F-11D3-BF4B-00C04F79EFBC}") = "SampleUnitConverter", "WPF\SampleUnitConverter\SampleUnitConverter.csproj", "{D5C3D347-3F42-42E1-B607-1C050CCC7D1F}"
EndProject
Project("{FAE04EC0-301F-11D3-BF4B-00C04F79EFBC}") = "NumberGame", "WPF\NumberGame\NumberGame.csproj", "{4E16810A-FC5A-403D-B0BF-A61B77F17F97}"
EndProject
Project("{2150E333-8FDC-42A3-9474-1A3956D46DE8}") = "Games", "Games", "{10176E4C-507A-491A-A3D6-7A03E8073E62}"
EndProject
Project("{FAE04EC0-301F-11D3-BF4B-00C04F79EFBC}") = "Pelmanism", "Games\Pelmanism\Pelmanism.csproj", "{83D82DF4-C981-4E57-969F-1D2442DECBE4}"
EndProject
Project("{2150E333-8FDC-42A3-9474-1A3956D46DE8}") = "CardsWar", "CardsWar", "{B8B0AF2B-F24B-4317-8E0B-51529E578935}"
EndProject
Project("{FAE04EC0-301F-11D3-BF4B-00C04F79EFBC}") = "CardsWar", "CardsWar\CardsWar.csproj", "{3E9646CA-9323-473A-B279-61AFF61BF0E4}"
EndProject
Project("{2150E333-8FDC-42A3-9474-1A3956D46DE8}") = "Quiz", "Quiz", "{107A0EAA-CA20-40B7-B5B4-CEE06686F9EE}"
	ProjectSection(SolutionItems) = preProject
		..\..\..\..\Desktop\はてなマーク.jpg = ..\..\..\..\Desktop\はてなマーク.jpg
	EndProjectSection
EndProject
Project("{FAE04EC0-301F-11D3-BF4B-00C04F79EFBC}") = "QuizSample01", "Quiz\QuizSample01\QuizSample01.csproj", "{7A663DC5-6902-44FE-96A5-AF5E54C93220}"
EndProject
Project("{FAE04EC0-301F-11D3-BF4B-00C04F79EFBC}") = "Navigation", "Quiz\Navigation\Navigation.csproj", "{051B311F-84C6-46B3-86A2-CA7D33D38269}"
EndProject
Project("{2150E333-8FDC-42A3-9474-1A3956D46DE8}") = "SotugyoTest", "SotugyoTest", "{2B8A9FFE-F13D-4BE6-9871-00C3B2A7556D}"
EndProject
Project("{FAE04EC0-301F-11D3-BF4B-00C04F79EFBC}") = "Sotugyo01", "SotugyoTest\Sotugyo01\Sotugyo01.csproj", "{74FECE22-4208-41EC-A05F-F2B039851D97}"
EndProject
Project("{FAE04EC0-301F-11D3-BF4B-00C04F79EFBC}") = "Sotugyo02", "SotugyoTest\Sotugyo02\Sotugyo02.csproj", "{3AA89240-3D00-4D00-A03A-57CCF09CD52B}"
EndProject
Project("{2150E333-8FDC-42A3-9474-1A3956D46DE8}") = "Graduation", "Graduation", "{7FBFA38E-CCA8-4221-97FD-9C22F9060494}"
EndProject
Project("{FAE04EC0-301F-11D3-BF4B-00C04F79EFBC}") = "Graduation_Create", "Graduation\Graduation_Create\Graduation_Create.csproj", "{3C6992F3-5F2A-43D3-9A52-C57DD5098F9F}"
EndProject
Global
	GlobalSection(SolutionConfigurationPlatforms) = preSolution
		Debug|Any CPU = Debug|Any CPU
		Release|Any CPU = Release|Any CPU
	EndGlobalSection
	GlobalSection(ProjectConfigurationPlatforms) = postSolution
		{C1135BDD-2588-47C4-8AF3-79FFF39B0E0C}.Debug|Any CPU.ActiveCfg = Debug|Any CPU
		{C1135BDD-2588-47C4-8AF3-79FFF39B0E0C}.Debug|Any CPU.Build.0 = Debug|Any CPU
		{C1135BDD-2588-47C4-8AF3-79FFF39B0E0C}.Release|Any CPU.ActiveCfg = Release|Any CPU
		{C1135BDD-2588-47C4-8AF3-79FFF39B0E0C}.Release|Any CPU.Build.0 = Release|Any CPU
		{C308BC75-77E5-4940-8558-76951FB72084}.Debug|Any CPU.ActiveCfg = Debug|Any CPU
		{C308BC75-77E5-4940-8558-76951FB72084}.Debug|Any CPU.Build.0 = Debug|Any CPU
		{C308BC75-77E5-4940-8558-76951FB72084}.Release|Any CPU.ActiveCfg = Release|Any CPU
		{C308BC75-77E5-4940-8558-76951FB72084}.Release|Any CPU.Build.0 = Release|Any CPU
		{719F00CC-F43E-4A62-AC1B-A39083978EC9}.Debug|Any CPU.ActiveCfg = Debug|Any CPU
		{719F00CC-F43E-4A62-AC1B-A39083978EC9}.Debug|Any CPU.Build.0 = Debug|Any CPU
		{719F00CC-F43E-4A62-AC1B-A39083978EC9}.Release|Any CPU.ActiveCfg = Release|Any CPU
		{719F00CC-F43E-4A62-AC1B-A39083978EC9}.Release|Any CPU.Build.0 = Release|Any CPU
		{52DDB5FF-B429-47F2-927F-72993E248D1F}.Debug|Any CPU.ActiveCfg = Debug|Any CPU
		{52DDB5FF-B429-47F2-927F-72993E248D1F}.Debug|Any CPU.Build.0 = Debug|Any CPU
		{52DDB5FF-B429-47F2-927F-72993E248D1F}.Release|Any CPU.ActiveCfg = Release|Any CPU
		{52DDB5FF-B429-47F2-927F-72993E248D1F}.Release|Any CPU.Build.0 = Release|Any CPU
		{5CBC6B91-1916-41DA-8376-3818601B897A}.Debug|Any CPU.ActiveCfg = Debug|Any CPU
		{5CBC6B91-1916-41DA-8376-3818601B897A}.Debug|Any CPU.Build.0 = Debug|Any CPU
		{5CBC6B91-1916-41DA-8376-3818601B897A}.Release|Any CPU.ActiveCfg = Release|Any CPU
		{5CBC6B91-1916-41DA-8376-3818601B897A}.Release|Any CPU.Build.0 = Release|Any CPU
		{436082EC-4EAD-4913-9586-C5A3E2F99FFE}.Debug|Any CPU.ActiveCfg = Debug|Any CPU
		{436082EC-4EAD-4913-9586-C5A3E2F99FFE}.Debug|Any CPU.Build.0 = Debug|Any CPU
		{436082EC-4EAD-4913-9586-C5A3E2F99FFE}.Release|Any CPU.ActiveCfg = Release|Any CPU
		{436082EC-4EAD-4913-9586-C5A3E2F99FFE}.Release|Any CPU.Build.0 = Release|Any CPU
		{898A3DDC-33A6-4293-86F4-B0778F947FD6}.Debug|Any CPU.ActiveCfg = Debug|Any CPU
		{898A3DDC-33A6-4293-86F4-B0778F947FD6}.Debug|Any CPU.Build.0 = Debug|Any CPU
		{898A3DDC-33A6-4293-86F4-B0778F947FD6}.Release|Any CPU.ActiveCfg = Release|Any CPU
		{898A3DDC-33A6-4293-86F4-B0778F947FD6}.Release|Any CPU.Build.0 = Release|Any CPU
		{622A6452-B619-45AA-97A1-C371044300A8}.Debug|Any CPU.ActiveCfg = Debug|Any CPU
		{622A6452-B619-45AA-97A1-C371044300A8}.Debug|Any CPU.Build.0 = Debug|Any CPU
		{622A6452-B619-45AA-97A1-C371044300A8}.Release|Any CPU.ActiveCfg = Release|Any CPU
		{622A6452-B619-45AA-97A1-C371044300A8}.Release|Any CPU.Build.0 = Release|Any CPU
		{2BFACDC3-F44D-4199-8498-F5C3C4AC0335}.Debug|Any CPU.ActiveCfg = Debug|Any CPU
		{2BFACDC3-F44D-4199-8498-F5C3C4AC0335}.Debug|Any CPU.Build.0 = Debug|Any CPU
		{2BFACDC3-F44D-4199-8498-F5C3C4AC0335}.Release|Any CPU.ActiveCfg = Release|Any CPU
		{2BFACDC3-F44D-4199-8498-F5C3C4AC0335}.Release|Any CPU.Build.0 = Release|Any CPU
		{E461C0A8-8900-485C-B520-E929BA33F712}.Debug|Any CPU.ActiveCfg = Debug|Any CPU
		{E461C0A8-8900-485C-B520-E929BA33F712}.Debug|Any CPU.Build.0 = Debug|Any CPU
		{E461C0A8-8900-485C-B520-E929BA33F712}.Release|Any CPU.ActiveCfg = Release|Any CPU
		{E461C0A8-8900-485C-B520-E929BA33F712}.Release|Any CPU.Build.0 = Release|Any CPU
		{6BF2240B-2552-407E-9EF1-5C7C0E97B4AB}.Debug|Any CPU.ActiveCfg = Debug|Any CPU
		{6BF2240B-2552-407E-9EF1-5C7C0E97B4AB}.Debug|Any CPU.Build.0 = Debug|Any CPU
		{6BF2240B-2552-407E-9EF1-5C7C0E97B4AB}.Release|Any CPU.ActiveCfg = Release|Any CPU
		{6BF2240B-2552-407E-9EF1-5C7C0E97B4AB}.Release|Any CPU.Build.0 = Release|Any CPU
		{327279B5-9611-4F1B-8538-F992F7DDAA22}.Debug|Any CPU.ActiveCfg = Debug|Any CPU
		{327279B5-9611-4F1B-8538-F992F7DDAA22}.Debug|Any CPU.Build.0 = Debug|Any CPU
		{327279B5-9611-4F1B-8538-F992F7DDAA22}.Release|Any CPU.ActiveCfg = Release|Any CPU
		{327279B5-9611-4F1B-8538-F992F7DDAA22}.Release|Any CPU.Build.0 = Release|Any CPU
		{E3B81DA8-5335-47EA-AC37-60209EE5D54C}.Debug|Any CPU.ActiveCfg = Debug|Any CPU
		{E3B81DA8-5335-47EA-AC37-60209EE5D54C}.Debug|Any CPU.Build.0 = Debug|Any CPU
		{E3B81DA8-5335-47EA-AC37-60209EE5D54C}.Release|Any CPU.ActiveCfg = Release|Any CPU
		{E3B81DA8-5335-47EA-AC37-60209EE5D54C}.Release|Any CPU.Build.0 = Release|Any CPU
		{F8DD4C13-3399-4AE9-ABBF-4E1B1E40A5DB}.Debug|Any CPU.ActiveCfg = Debug|Any CPU
		{F8DD4C13-3399-4AE9-ABBF-4E1B1E40A5DB}.Debug|Any CPU.Build.0 = Debug|Any CPU
		{F8DD4C13-3399-4AE9-ABBF-4E1B1E40A5DB}.Release|Any CPU.ActiveCfg = Release|Any CPU
		{F8DD4C13-3399-4AE9-ABBF-4E1B1E40A5DB}.Release|Any CPU.Build.0 = Release|Any CPU
		{A84853CA-86C2-42E0-8422-4CE2CA76327C}.Debug|Any CPU.ActiveCfg = Debug|Any CPU
		{A84853CA-86C2-42E0-8422-4CE2CA76327C}.Debug|Any CPU.Build.0 = Debug|Any CPU
		{A84853CA-86C2-42E0-8422-4CE2CA76327C}.Release|Any CPU.ActiveCfg = Release|Any CPU
		{A84853CA-86C2-42E0-8422-4CE2CA76327C}.Release|Any CPU.Build.0 = Release|Any CPU
		{D5B4DE0B-F447-495E-B57C-82942E0407CA}.Debug|Any CPU.ActiveCfg = Debug|Any CPU
		{D5B4DE0B-F447-495E-B57C-82942E0407CA}.Debug|Any CPU.Build.0 = Debug|Any CPU
		{D5B4DE0B-F447-495E-B57C-82942E0407CA}.Release|Any CPU.ActiveCfg = Release|Any CPU
		{D5B4DE0B-F447-495E-B57C-82942E0407CA}.Release|Any CPU.Build.0 = Release|Any CPU
		{05436B43-84B4-4285-9B7A-6DAA45B43E63}.Debug|Any CPU.ActiveCfg = Debug|Any CPU
		{05436B43-84B4-4285-9B7A-6DAA45B43E63}.Debug|Any CPU.Build.0 = Debug|Any CPU
		{05436B43-84B4-4285-9B7A-6DAA45B43E63}.Release|Any CPU.ActiveCfg = Release|Any CPU
		{05436B43-84B4-4285-9B7A-6DAA45B43E63}.Release|Any CPU.Build.0 = Release|Any CPU
		{873F9DB6-60C0-4FAB-886A-C527EA223800}.Debug|Any CPU.ActiveCfg = Debug|Any CPU
		{873F9DB6-60C0-4FAB-886A-C527EA223800}.Debug|Any CPU.Build.0 = Debug|Any CPU
		{873F9DB6-60C0-4FAB-886A-C527EA223800}.Release|Any CPU.ActiveCfg = Release|Any CPU
		{873F9DB6-60C0-4FAB-886A-C527EA223800}.Release|Any CPU.Build.0 = Release|Any CPU
		{782016A6-B119-4AE5-B350-637D82FEDEE8}.Debug|Any CPU.ActiveCfg = Debug|Any CPU
		{782016A6-B119-4AE5-B350-637D82FEDEE8}.Debug|Any CPU.Build.0 = Debug|Any CPU
		{782016A6-B119-4AE5-B350-637D82FEDEE8}.Release|Any CPU.ActiveCfg = Release|Any CPU
		{782016A6-B119-4AE5-B350-637D82FEDEE8}.Release|Any CPU.Build.0 = Release|Any CPU
		{5944D14A-1C2A-4BEF-BA46-A3EEBFF28E67}.Debug|Any CPU.ActiveCfg = Debug|Any CPU
		{5944D14A-1C2A-4BEF-BA46-A3EEBFF28E67}.Debug|Any CPU.Build.0 = Debug|Any CPU
		{5944D14A-1C2A-4BEF-BA46-A3EEBFF28E67}.Release|Any CPU.ActiveCfg = Release|Any CPU
		{5944D14A-1C2A-4BEF-BA46-A3EEBFF28E67}.Release|Any CPU.Build.0 = Release|Any CPU
		{0CA2776E-5E01-4407-9E8F-D389DD315EB7}.Debug|Any CPU.ActiveCfg = Debug|Any CPU
		{0CA2776E-5E01-4407-9E8F-D389DD315EB7}.Debug|Any CPU.Build.0 = Debug|Any CPU
		{0CA2776E-5E01-4407-9E8F-D389DD315EB7}.Release|Any CPU.ActiveCfg = Release|Any CPU
		{0CA2776E-5E01-4407-9E8F-D389DD315EB7}.Release|Any CPU.Build.0 = Release|Any CPU
		{4195A206-8CAB-4DAF-836E-438AD2389D94}.Debug|Any CPU.ActiveCfg = Debug|Any CPU
		{4195A206-8CAB-4DAF-836E-438AD2389D94}.Debug|Any CPU.Build.0 = Debug|Any CPU
		{4195A206-8CAB-4DAF-836E-438AD2389D94}.Release|Any CPU.ActiveCfg = Release|Any CPU
		{4195A206-8CAB-4DAF-836E-438AD2389D94}.Release|Any CPU.Build.0 = Release|Any CPU
		{49976206-8226-46FD-984D-DB8BAD149919}.Debug|Any CPU.ActiveCfg = Debug|Any CPU
		{49976206-8226-46FD-984D-DB8BAD149919}.Debug|Any CPU.Build.0 = Debug|Any CPU
		{49976206-8226-46FD-984D-DB8BAD149919}.Release|Any CPU.ActiveCfg = Release|Any CPU
		{49976206-8226-46FD-984D-DB8BAD149919}.Release|Any CPU.Build.0 = Release|Any CPU
		{CC21D3A0-404E-4CB3-BF93-56A8003CD8B6}.Debug|Any CPU.ActiveCfg = Debug|Any CPU
		{CC21D3A0-404E-4CB3-BF93-56A8003CD8B6}.Debug|Any CPU.Build.0 = Debug|Any CPU
		{CC21D3A0-404E-4CB3-BF93-56A8003CD8B6}.Release|Any CPU.ActiveCfg = Release|Any CPU
		{CC21D3A0-404E-4CB3-BF93-56A8003CD8B6}.Release|Any CPU.Build.0 = Release|Any CPU
		{7D3B0688-1E1A-4EDF-A3D2-F398D2F402EB}.Debug|Any CPU.ActiveCfg = Debug|Any CPU
		{7D3B0688-1E1A-4EDF-A3D2-F398D2F402EB}.Debug|Any CPU.Build.0 = Debug|Any CPU
		{7D3B0688-1E1A-4EDF-A3D2-F398D2F402EB}.Release|Any CPU.ActiveCfg = Release|Any CPU
		{7D3B0688-1E1A-4EDF-A3D2-F398D2F402EB}.Release|Any CPU.Build.0 = Release|Any CPU
		{785ACF99-F62A-4E68-AF8D-8E599702E807}.Debug|Any CPU.ActiveCfg = Debug|Any CPU
		{785ACF99-F62A-4E68-AF8D-8E599702E807}.Debug|Any CPU.Build.0 = Debug|Any CPU
		{785ACF99-F62A-4E68-AF8D-8E599702E807}.Release|Any CPU.ActiveCfg = Release|Any CPU
		{785ACF99-F62A-4E68-AF8D-8E599702E807}.Release|Any CPU.Build.0 = Release|Any CPU
		{C2417365-D1F8-433F-B936-D7725C78DE9D}.Debug|Any CPU.ActiveCfg = Debug|Any CPU
		{C2417365-D1F8-433F-B936-D7725C78DE9D}.Debug|Any CPU.Build.0 = Debug|Any CPU
		{C2417365-D1F8-433F-B936-D7725C78DE9D}.Release|Any CPU.ActiveCfg = Release|Any CPU
		{C2417365-D1F8-433F-B936-D7725C78DE9D}.Release|Any CPU.Build.0 = Release|Any CPU
		{09F0F13B-3DA7-4EFA-AAF4-50B3805FD585}.Debug|Any CPU.ActiveCfg = Debug|Any CPU
		{09F0F13B-3DA7-4EFA-AAF4-50B3805FD585}.Debug|Any CPU.Build.0 = Debug|Any CPU
		{09F0F13B-3DA7-4EFA-AAF4-50B3805FD585}.Release|Any CPU.ActiveCfg = Release|Any CPU
		{09F0F13B-3DA7-4EFA-AAF4-50B3805FD585}.Release|Any CPU.Build.0 = Release|Any CPU
		{CF65651B-5EB0-4E3D-BF93-8B51CD7C8B19}.Debug|Any CPU.ActiveCfg = Debug|Any CPU
		{CF65651B-5EB0-4E3D-BF93-8B51CD7C8B19}.Debug|Any CPU.Build.0 = Debug|Any CPU
		{CF65651B-5EB0-4E3D-BF93-8B51CD7C8B19}.Release|Any CPU.ActiveCfg = Release|Any CPU
		{CF65651B-5EB0-4E3D-BF93-8B51CD7C8B19}.Release|Any CPU.Build.0 = Release|Any CPU
		{9D9DB7BA-2EBD-4C17-8CCB-E274BE79BBA7}.Debug|Any CPU.ActiveCfg = Debug|Any CPU
		{9D9DB7BA-2EBD-4C17-8CCB-E274BE79BBA7}.Debug|Any CPU.Build.0 = Debug|Any CPU
		{9D9DB7BA-2EBD-4C17-8CCB-E274BE79BBA7}.Release|Any CPU.ActiveCfg = Release|Any CPU
		{9D9DB7BA-2EBD-4C17-8CCB-E274BE79BBA7}.Release|Any CPU.Build.0 = Release|Any CPU
		{53E106C4-A2BD-4F5C-A295-0DF1556F47E6}.Debug|Any CPU.ActiveCfg = Debug|Any CPU
		{53E106C4-A2BD-4F5C-A295-0DF1556F47E6}.Debug|Any CPU.Build.0 = Debug|Any CPU
		{53E106C4-A2BD-4F5C-A295-0DF1556F47E6}.Release|Any CPU.ActiveCfg = Release|Any CPU
		{53E106C4-A2BD-4F5C-A295-0DF1556F47E6}.Release|Any CPU.Build.0 = Release|Any CPU
		{78F130FB-18CD-4E7A-BE03-ADDA88DFE712}.Debug|Any CPU.ActiveCfg = Debug|Any CPU
		{78F130FB-18CD-4E7A-BE03-ADDA88DFE712}.Debug|Any CPU.Build.0 = Debug|Any CPU
		{78F130FB-18CD-4E7A-BE03-ADDA88DFE712}.Release|Any CPU.ActiveCfg = Release|Any CPU
		{78F130FB-18CD-4E7A-BE03-ADDA88DFE712}.Release|Any CPU.Build.0 = Release|Any CPU
		{BDD38139-6A9A-455A-9CBB-4D5EDFE3AE70}.Debug|Any CPU.ActiveCfg = Debug|Any CPU
		{BDD38139-6A9A-455A-9CBB-4D5EDFE3AE70}.Debug|Any CPU.Build.0 = Debug|Any CPU
		{BDD38139-6A9A-455A-9CBB-4D5EDFE3AE70}.Release|Any CPU.ActiveCfg = Release|Any CPU
		{BDD38139-6A9A-455A-9CBB-4D5EDFE3AE70}.Release|Any CPU.Build.0 = Release|Any CPU
		{930BB2BA-E44B-4798-97BF-7EFE6029E8AA}.Debug|Any CPU.ActiveCfg = Debug|Any CPU
		{930BB2BA-E44B-4798-97BF-7EFE6029E8AA}.Debug|Any CPU.Build.0 = Debug|Any CPU
		{930BB2BA-E44B-4798-97BF-7EFE6029E8AA}.Release|Any CPU.ActiveCfg = Release|Any CPU
		{930BB2BA-E44B-4798-97BF-7EFE6029E8AA}.Release|Any CPU.Build.0 = Release|Any CPU
		{BF29217A-35D2-443A-A185-BC96D0688276}.Debug|Any CPU.ActiveCfg = Debug|Any CPU
		{BF29217A-35D2-443A-A185-BC96D0688276}.Debug|Any CPU.Build.0 = Debug|Any CPU
		{BF29217A-35D2-443A-A185-BC96D0688276}.Release|Any CPU.ActiveCfg = Release|Any CPU
		{BF29217A-35D2-443A-A185-BC96D0688276}.Release|Any CPU.Build.0 = Release|Any CPU
		{D5C3D347-3F42-42E1-B607-1C050CCC7D1F}.Debug|Any CPU.ActiveCfg = Debug|Any CPU
		{D5C3D347-3F42-42E1-B607-1C050CCC7D1F}.Debug|Any CPU.Build.0 = Debug|Any CPU
		{D5C3D347-3F42-42E1-B607-1C050CCC7D1F}.Release|Any CPU.ActiveCfg = Release|Any CPU
		{D5C3D347-3F42-42E1-B607-1C050CCC7D1F}.Release|Any CPU.Build.0 = Release|Any CPU
		{4E16810A-FC5A-403D-B0BF-A61B77F17F97}.Debug|Any CPU.ActiveCfg = Debug|Any CPU
		{4E16810A-FC5A-403D-B0BF-A61B77F17F97}.Debug|Any CPU.Build.0 = Debug|Any CPU
		{4E16810A-FC5A-403D-B0BF-A61B77F17F97}.Release|Any CPU.ActiveCfg = Release|Any CPU
		{4E16810A-FC5A-403D-B0BF-A61B77F17F97}.Release|Any CPU.Build.0 = Release|Any CPU
		{83D82DF4-C981-4E57-969F-1D2442DECBE4}.Debug|Any CPU.ActiveCfg = Debug|Any CPU
		{83D82DF4-C981-4E57-969F-1D2442DECBE4}.Debug|Any CPU.Build.0 = Debug|Any CPU
		{83D82DF4-C981-4E57-969F-1D2442DECBE4}.Release|Any CPU.ActiveCfg = Release|Any CPU
		{83D82DF4-C981-4E57-969F-1D2442DECBE4}.Release|Any CPU.Build.0 = Release|Any CPU
		{3E9646CA-9323-473A-B279-61AFF61BF0E4}.Debug|Any CPU.ActiveCfg = Debug|Any CPU
		{3E9646CA-9323-473A-B279-61AFF61BF0E4}.Debug|Any CPU.Build.0 = Debug|Any CPU
		{3E9646CA-9323-473A-B279-61AFF61BF0E4}.Release|Any CPU.ActiveCfg = Release|Any CPU
		{3E9646CA-9323-473A-B279-61AFF61BF0E4}.Release|Any CPU.Build.0 = Release|Any CPU
		{7A663DC5-6902-44FE-96A5-AF5E54C93220}.Debug|Any CPU.ActiveCfg = Debug|Any CPU
		{7A663DC5-6902-44FE-96A5-AF5E54C93220}.Debug|Any CPU.Build.0 = Debug|Any CPU
		{7A663DC5-6902-44FE-96A5-AF5E54C93220}.Release|Any CPU.ActiveCfg = Release|Any CPU
		{7A663DC5-6902-44FE-96A5-AF5E54C93220}.Release|Any CPU.Build.0 = Release|Any CPU
		{051B311F-84C6-46B3-86A2-CA7D33D38269}.Debug|Any CPU.ActiveCfg = Debug|Any CPU
		{051B311F-84C6-46B3-86A2-CA7D33D38269}.Debug|Any CPU.Build.0 = Debug|Any CPU
		{051B311F-84C6-46B3-86A2-CA7D33D38269}.Release|Any CPU.ActiveCfg = Release|Any CPU
		{051B311F-84C6-46B3-86A2-CA7D33D38269}.Release|Any CPU.Build.0 = Release|Any CPU
		{74FECE22-4208-41EC-A05F-F2B039851D97}.Debug|Any CPU.ActiveCfg = Debug|Any CPU
		{74FECE22-4208-41EC-A05F-F2B039851D97}.Debug|Any CPU.Build.0 = Debug|Any CPU
		{74FECE22-4208-41EC-A05F-F2B039851D97}.Release|Any CPU.ActiveCfg = Release|Any CPU
		{74FECE22-4208-41EC-A05F-F2B039851D97}.Release|Any CPU.Build.0 = Release|Any CPU
		{3AA89240-3D00-4D00-A03A-57CCF09CD52B}.Debug|Any CPU.ActiveCfg = Debug|Any CPU
		{3AA89240-3D00-4D00-A03A-57CCF09CD52B}.Debug|Any CPU.Build.0 = Debug|Any CPU
		{3AA89240-3D00-4D00-A03A-57CCF09CD52B}.Release|Any CPU.ActiveCfg = Release|Any CPU
		{3AA89240-3D00-4D00-A03A-57CCF09CD52B}.Release|Any CPU.Build.0 = Release|Any CPU
		{3C6992F3-5F2A-43D3-9A52-C57DD5098F9F}.Debug|Any CPU.ActiveCfg = Debug|Any CPU
		{3C6992F3-5F2A-43D3-9A52-C57DD5098F9F}.Debug|Any CPU.Build.0 = Debug|Any CPU
		{3C6992F3-5F2A-43D3-9A52-C57DD5098F9F}.Release|Any CPU.ActiveCfg = Release|Any CPU
		{3C6992F3-5F2A-43D3-9A52-C57DD5098F9F}.Release|Any CPU.Build.0 = Release|Any CPU
	EndGlobalSection
	GlobalSection(SolutionProperties) = preSolution
		HideSolutionNode = FALSE
	EndGlobalSection
	GlobalSection(NestedProjects) = preSolution
		{C1135BDD-2588-47C4-8AF3-79FFF39B0E0C} = {2FF66FDC-0489-47CE-B938-32DC15F86DEA}
		{C308BC75-77E5-4940-8558-76951FB72084} = {0792820A-B6EE-41C7-B592-56169946437C}
		{0792820A-B6EE-41C7-B592-56169946437C} = {2FF66FDC-0489-47CE-B938-32DC15F86DEA}
		{719F00CC-F43E-4A62-AC1B-A39083978EC9} = {0792820A-B6EE-41C7-B592-56169946437C}
		{52DDB5FF-B429-47F2-927F-72993E248D1F} = {0792820A-B6EE-41C7-B592-56169946437C}
		{5CBC6B91-1916-41DA-8376-3818601B897A} = {C87E7EC8-F017-44F1-A130-EC5609C459EC}
		{436082EC-4EAD-4913-9586-C5A3E2F99FFE} = {F87CFA5C-2740-48C3-A28C-290FACE245C0}
		{898A3DDC-33A6-4293-86F4-B0778F947FD6} = {DE640114-DFB2-453D-A326-AC3AB5C8E871}
		{DE640114-DFB2-453D-A326-AC3AB5C8E871} = {F87CFA5C-2740-48C3-A28C-290FACE245C0}
		{622A6452-B619-45AA-97A1-C371044300A8} = {DE640114-DFB2-453D-A326-AC3AB5C8E871}
		{2BFACDC3-F44D-4199-8498-F5C3C4AC0335} = {B614ACF3-B515-431F-9295-524F50ED032C}
		{E461C0A8-8900-485C-B520-E929BA33F712} = {B614ACF3-B515-431F-9295-524F50ED032C}
		{6BF2240B-2552-407E-9EF1-5C7C0E97B4AB} = {75BB0816-3372-4CF2-B9F5-0127FE6E1230}
		{327279B5-9611-4F1B-8538-F992F7DDAA22} = {75BB0816-3372-4CF2-B9F5-0127FE6E1230}
		{E3B81DA8-5335-47EA-AC37-60209EE5D54C} = {75BB0816-3372-4CF2-B9F5-0127FE6E1230}
		{F8DD4C13-3399-4AE9-ABBF-4E1B1E40A5DB} = {B04477CC-9BE0-4CE8-9B2F-3DB1916AB7D1}
		{A84853CA-86C2-42E0-8422-4CE2CA76327C} = {B04477CC-9BE0-4CE8-9B2F-3DB1916AB7D1}
		{D5B4DE0B-F447-495E-B57C-82942E0407CA} = {5D5DD5E1-C895-4FAA-8AC7-0EB436BFDE8B}
		{05436B43-84B4-4285-9B7A-6DAA45B43E63} = {5D5DD5E1-C895-4FAA-8AC7-0EB436BFDE8B}
		{873F9DB6-60C0-4FAB-886A-C527EA223800} = {D01788CB-364A-4928-A244-062D59E8D4FF}
		{AF14F6B3-2F2A-4104-A442-C564C72392AA} = {D01788CB-364A-4928-A244-062D59E8D4FF}
		{782016A6-B119-4AE5-B350-637D82FEDEE8} = {AF14F6B3-2F2A-4104-A442-C564C72392AA}
		{5944D14A-1C2A-4BEF-BA46-A3EEBFF28E67} = {D01788CB-364A-4928-A244-062D59E8D4FF}
		{0CA2776E-5E01-4407-9E8F-D389DD315EB7} = {AF14F6B3-2F2A-4104-A442-C564C72392AA}
		{4195A206-8CAB-4DAF-836E-438AD2389D94} = {16E9738B-960F-4722-B6DA-4077FB635BCF}
		{49976206-8226-46FD-984D-DB8BAD149919} = {16E9738B-960F-4722-B6DA-4077FB635BCF}
		{7D3B0688-1E1A-4EDF-A3D2-F398D2F402EB} = {452F6C10-E36B-4033-80B7-DBB71856F844}
		{785ACF99-F62A-4E68-AF8D-8E599702E807} = {452F6C10-E36B-4033-80B7-DBB71856F844}
		{C2417365-D1F8-433F-B936-D7725C78DE9D} = {452F6C10-E36B-4033-80B7-DBB71856F844}
		{09F0F13B-3DA7-4EFA-AAF4-50B3805FD585} = {84BFEEA0-5FF4-4F34-9268-5E9761EEDA35}
		{CF65651B-5EB0-4E3D-BF93-8B51CD7C8B19} = {84BFEEA0-5FF4-4F34-9268-5E9761EEDA35}
		{9D9DB7BA-2EBD-4C17-8CCB-E274BE79BBA7} = {9F83D952-30AE-4D3A-83F5-0228946B882B}
		{53E106C4-A2BD-4F5C-A295-0DF1556F47E6} = {42A3B454-31C2-4314-9B4F-4C4D62B65A87}
		{78F130FB-18CD-4E7A-BE03-ADDA88DFE712} = {CAD10EDF-E500-4983-B137-583608A039D0}
		{BDD38139-6A9A-455A-9CBB-4D5EDFE3AE70} = {AD3A5F4F-9EDF-4FD8-B527-BE5C5CB56381}
		{930BB2BA-E44B-4798-97BF-7EFE6029E8AA} = {5B070556-D142-4B00-B9A1-6FE36C00F792}
		{BF29217A-35D2-443A-A185-BC96D0688276} = {5B070556-D142-4B00-B9A1-6FE36C00F792}
		{D5C3D347-3F42-42E1-B607-1C050CCC7D1F} = {5B070556-D142-4B00-B9A1-6FE36C00F792}
		{4E16810A-FC5A-403D-B0BF-A61B77F17F97} = {5B070556-D142-4B00-B9A1-6FE36C00F792}
		{83D82DF4-C981-4E57-969F-1D2442DECBE4} = {10176E4C-507A-491A-A3D6-7A03E8073E62}
		{3E9646CA-9323-473A-B279-61AFF61BF0E4} = {B8B0AF2B-F24B-4317-8E0B-51529E578935}
		{7A663DC5-6902-44FE-96A5-AF5E54C93220} = {107A0EAA-CA20-40B7-B5B4-CEE06686F9EE}
		{051B311F-84C6-46B3-86A2-CA7D33D38269} = {107A0EAA-CA20-40B7-B5B4-CEE06686F9EE}
		{74FECE22-4208-41EC-A05F-F2B039851D97} = {2B8A9FFE-F13D-4BE6-9871-00C3B2A7556D}
		{3AA89240-3D00-4D00-A03A-57CCF09CD52B} = {2B8A9FFE-F13D-4BE6-9871-00C3B2A7556D}
		{3C6992F3-5F2A-43D3-9A52-C57DD5098F9F} = {7FBFA38E-CCA8-4221-97FD-9C22F9060494}
	EndGlobalSection
	GlobalSection(ExtensibilityGlobals) = postSolution
		SolutionGuid = {30F321BF-1C98-4CD6-B1ED-E7FC5730015B}
	EndGlobalSection
EndGlobal
